// !$*UTF8*$!
{
	archiveVersion = 1;
	classes = {
	};
	objectVersion = 46;
	objects = {

/* Begin PBXBuildFile section */
		1BAAB0B21EF123A6004E42BB /* main.m in Sources */ = {isa = PBXBuildFile; fileRef = 1BAAB0B11EF123A6004E42BB /* main.m */; };
		1BAAB0B51EF123A6004E42BB /* AppDelegate.m in Sources */ = {isa = PBXBuildFile; fileRef = 1BAAB0B41EF123A6004E42BB /* AppDelegate.m */; };
		1BAAB0B81EF123A6004E42BB /* ViewController.m in Sources */ = {isa = PBXBuildFile; fileRef = 1BAAB0B71EF123A6004E42BB /* ViewController.m */; };
		1BAAB0BB1EF123A6004E42BB /* Main.storyboard in Resources */ = {isa = PBXBuildFile; fileRef = 1BAAB0B91EF123A6004E42BB /* Main.storyboard */; };
		1BAAB0BD1EF123A6004E42BB /* Assets.xcassets in Resources */ = {isa = PBXBuildFile; fileRef = 1BAAB0BC1EF123A6004E42BB /* Assets.xcassets */; };
		1BAAB0C01EF123A6004E42BB /* LaunchScreen.storyboard in Resources */ = {isa = PBXBuildFile; fileRef = 1BAAB0BE1EF123A6004E42BB /* LaunchScreen.storyboard */; };
		1BAAB0CB1EF123A6004E42BB /* twitterappTests.m in Sources */ = {isa = PBXBuildFile; fileRef = 1BAAB0CA1EF123A6004E42BB /* twitterappTests.m */; };
		1BAAB0D61EF123A6004E42BB /* twitterappUITests.m in Sources */ = {isa = PBXBuildFile; fileRef = 1BAAB0D51EF123A6004E42BB /* twitterappUITests.m */; };
		1BAAB0FC1EF1242D004E42BB /* NSDateFormatter+STTwitter.m in Sources */ = {isa = PBXBuildFile; fileRef = 1BAAB0E41EF1242D004E42BB /* NSDateFormatter+STTwitter.m */; };
		1BAAB0FD1EF1242D004E42BB /* NSError+STTwitter.m in Sources */ = {isa = PBXBuildFile; fileRef = 1BAAB0E61EF1242D004E42BB /* NSError+STTwitter.m */; };
		1BAAB0FE1EF1242D004E42BB /* NSString+STTwitter.m in Sources */ = {isa = PBXBuildFile; fileRef = 1BAAB0E81EF1242D004E42BB /* NSString+STTwitter.m */; };
		1BAAB0FF1EF1242D004E42BB /* STHTTPRequest+STTwitter.m in Sources */ = {isa = PBXBuildFile; fileRef = 1BAAB0EA1EF1242D004E42BB /* STHTTPRequest+STTwitter.m */; };
		1BAAB1001EF1242D004E42BB /* STTwitterAPI.m in Sources */ = {isa = PBXBuildFile; fileRef = 1BAAB0ED1EF1242D004E42BB /* STTwitterAPI.m */; };
		1BAAB1011EF1242D004E42BB /* STTwitterAppOnly.m in Sources */ = {isa = PBXBuildFile; fileRef = 1BAAB0EF1EF1242D004E42BB /* STTwitterAppOnly.m */; };
		1BAAB1021EF1242D004E42BB /* STTwitterHTML.m in Sources */ = {isa = PBXBuildFile; fileRef = 1BAAB0F11EF1242D004E42BB /* STTwitterHTML.m */; };
		1BAAB1031EF1242D004E42BB /* STTwitterOAuth.m in Sources */ = {isa = PBXBuildFile; fileRef = 1BAAB0F31EF1242D004E42BB /* STTwitterOAuth.m */; };
		1BAAB1041EF1242D004E42BB /* STTwitterOS.m in Sources */ = {isa = PBXBuildFile; fileRef = 1BAAB0F51EF1242D004E42BB /* STTwitterOS.m */; };
		1BAAB1051EF1242D004E42BB /* STTwitterOSRequest.m in Sources */ = {isa = PBXBuildFile; fileRef = 1BAAB0F71EF1242D004E42BB /* STTwitterOSRequest.m */; };
		1BAAB1061EF1242D004E42BB /* STTwitterStreamParser.m in Sources */ = {isa = PBXBuildFile; fileRef = 1BAAB0FB1EF1242D004E42BB /* STTwitterStreamParser.m */; };
		1BAAB10E1EF12469004E42BB /* BAVPlistNode.m in Sources */ = {isa = PBXBuildFile; fileRef = 1BAAB1091EF12469004E42BB /* BAVPlistNode.m */; };
		1BAAB10F1EF12469004E42BB /* JSONSyntaxHighlight.m in Sources */ = {isa = PBXBuildFile; fileRef = 1BAAB10B1EF12469004E42BB /* JSONSyntaxHighlight.m */; };
		1BAAB1101EF12469004E42BB /* STHTTPRequest.m in Sources */ = {isa = PBXBuildFile; fileRef = 1BAAB10D1EF12469004E42BB /* STHTTPRequest.m */; };
		1BAAB1121EF1248A004E42BB /* Accounts.framework in Frameworks */ = {isa = PBXBuildFile; fileRef = 1BAAB1111EF1248A004E42BB /* Accounts.framework */; };
		1BAAB1141EF12493004E42BB /* Social.framework in Frameworks */ = {isa = PBXBuildFile; fileRef = 1BAAB1131EF12493004E42BB /* Social.framework */; };
		1BAAB1161EF124C1004E42BB /* Security.framework in Frameworks */ = {isa = PBXBuildFile; fileRef = 1BAAB1151EF124C1004E42BB /* Security.framework */; };
		1BAAB1181EF12574004E42BB /* Twitter.framework in Frameworks */ = {isa = PBXBuildFile; fileRef = 1BAAB1171EF12574004E42BB /* Twitter.framework */; };
/* End PBXBuildFile section */

/* Begin PBXContainerItemProxy section */
		1BAAB0C71EF123A6004E42BB /* PBXContainerItemProxy */ = {
			isa = PBXContainerItemProxy;
			containerPortal = 1BAAB0A51EF123A6004E42BB /* Project object */;
			proxyType = 1;
			remoteGlobalIDString = 1BAAB0AC1EF123A6004E42BB;
			remoteInfo = twitterapp;
		};
		1BAAB0D21EF123A6004E42BB /* PBXContainerItemProxy */ = {
			isa = PBXContainerItemProxy;
			containerPortal = 1BAAB0A51EF123A6004E42BB /* Project object */;
			proxyType = 1;
			remoteGlobalIDString = 1BAAB0AC1EF123A6004E42BB;
			remoteInfo = twitterapp;
		};
/* End PBXContainerItemProxy section */

/* Begin PBXFileReference section */
		1BAAB0AD1EF123A6004E42BB /* twitterapp.app */ = {isa = PBXFileReference; explicitFileType = wrapper.application; includeInIndex = 0; path = twitterapp.app; sourceTree = BUILT_PRODUCTS_DIR; };
		1BAAB0B11EF123A6004E42BB /* main.m */ = {isa = PBXFileReference; lastKnownFileType = sourcecode.c.objc; path = main.m; sourceTree = "<group>"; };
		1BAAB0B31EF123A6004E42BB /* AppDelegate.h */ = {isa = PBXFileReference; lastKnownFileType = sourcecode.c.h; path = AppDelegate.h; sourceTree = "<group>"; };
		1BAAB0B41EF123A6004E42BB /* AppDelegate.m */ = {isa = PBXFileReference; lastKnownFileType = sourcecode.c.objc; path = AppDelegate.m; sourceTree = "<group>"; };
		1BAAB0B61EF123A6004E42BB /* ViewController.h */ = {isa = PBXFileReference; lastKnownFileType = sourcecode.c.h; path = ViewController.h; sourceTree = "<group>"; };
		1BAAB0B71EF123A6004E42BB /* ViewController.m */ = {isa = PBXFileReference; lastKnownFileType = sourcecode.c.objc; path = ViewController.m; sourceTree = "<group>"; };
		1BAAB0BA1EF123A6004E42BB /* Base */ = {isa = PBXFileReference; lastKnownFileType = file.storyboard; name = Base; path = Base.lproj/Main.storyboard; sourceTree = "<group>"; };
		1BAAB0BC1EF123A6004E42BB /* Assets.xcassets */ = {isa = PBXFileReference; lastKnownFileType = folder.assetcatalog; path = Assets.xcassets; sourceTree = "<group>"; };
		1BAAB0BF1EF123A6004E42BB /* Base */ = {isa = PBXFileReference; lastKnownFileType = file.storyboard; name = Base; path = Base.lproj/LaunchScreen.storyboard; sourceTree = "<group>"; };
		1BAAB0C11EF123A6004E42BB /* Info.plist */ = {isa = PBXFileReference; lastKnownFileType = text.plist.xml; path = Info.plist; sourceTree = "<group>"; };
		1BAAB0C61EF123A6004E42BB /* twitterappTests.xctest */ = {isa = PBXFileReference; explicitFileType = wrapper.cfbundle; includeInIndex = 0; path = twitterappTests.xctest; sourceTree = BUILT_PRODUCTS_DIR; };
		1BAAB0CA1EF123A6004E42BB /* twitterappTests.m */ = {isa = PBXFileReference; lastKnownFileType = sourcecode.c.objc; path = twitterappTests.m; sourceTree = "<group>"; };
		1BAAB0CC1EF123A6004E42BB /* Info.plist */ = {isa = PBXFileReference; lastKnownFileType = text.plist.xml; path = Info.plist; sourceTree = "<group>"; };
		1BAAB0D11EF123A6004E42BB /* twitterappUITests.xctest */ = {isa = PBXFileReference; explicitFileType = wrapper.cfbundle; includeInIndex = 0; path = twitterappUITests.xctest; sourceTree = BUILT_PRODUCTS_DIR; };
		1BAAB0D51EF123A6004E42BB /* twitterappUITests.m */ = {isa = PBXFileReference; lastKnownFileType = sourcecode.c.objc; path = twitterappUITests.m; sourceTree = "<group>"; };
		1BAAB0D71EF123A6004E42BB /* Info.plist */ = {isa = PBXFileReference; lastKnownFileType = text.plist.xml; path = Info.plist; sourceTree = "<group>"; };
		1BAAB0E31EF1242D004E42BB /* NSDateFormatter+STTwitter.h */ = {isa = PBXFileReference; fileEncoding = 4; lastKnownFileType = sourcecode.c.h; path = "NSDateFormatter+STTwitter.h"; sourceTree = "<group>"; };
		1BAAB0E41EF1242D004E42BB /* NSDateFormatter+STTwitter.m */ = {isa = PBXFileReference; fileEncoding = 4; lastKnownFileType = sourcecode.c.objc; path = "NSDateFormatter+STTwitter.m"; sourceTree = "<group>"; };
		1BAAB0E51EF1242D004E42BB /* NSError+STTwitter.h */ = {isa = PBXFileReference; fileEncoding = 4; lastKnownFileType = sourcecode.c.h; path = "NSError+STTwitter.h"; sourceTree = "<group>"; };
		1BAAB0E61EF1242D004E42BB /* NSError+STTwitter.m */ = {isa = PBXFileReference; fileEncoding = 4; lastKnownFileType = sourcecode.c.objc; path = "NSError+STTwitter.m"; sourceTree = "<group>"; };
		1BAAB0E71EF1242D004E42BB /* NSString+STTwitter.h */ = {isa = PBXFileReference; fileEncoding = 4; lastKnownFileType = sourcecode.c.h; path = "NSString+STTwitter.h"; sourceTree = "<group>"; };
		1BAAB0E81EF1242D004E42BB /* NSString+STTwitter.m */ = {isa = PBXFileReference; fileEncoding = 4; lastKnownFileType = sourcecode.c.objc; path = "NSString+STTwitter.m"; sourceTree = "<group>"; };
		1BAAB0E91EF1242D004E42BB /* STHTTPRequest+STTwitter.h */ = {isa = PBXFileReference; fileEncoding = 4; lastKnownFileType = sourcecode.c.h; path = "STHTTPRequest+STTwitter.h"; sourceTree = "<group>"; };
		1BAAB0EA1EF1242D004E42BB /* STHTTPRequest+STTwitter.m */ = {isa = PBXFileReference; fileEncoding = 4; lastKnownFileType = sourcecode.c.objc; path = "STHTTPRequest+STTwitter.m"; sourceTree = "<group>"; };
		1BAAB0EB1EF1242D004E42BB /* STTwitter.h */ = {isa = PBXFileReference; fileEncoding = 4; lastKnownFileType = sourcecode.c.h; path = STTwitter.h; sourceTree = "<group>"; };
		1BAAB0EC1EF1242D004E42BB /* STTwitterAPI.h */ = {isa = PBXFileReference; fileEncoding = 4; lastKnownFileType = sourcecode.c.h; path = STTwitterAPI.h; sourceTree = "<group>"; };
		1BAAB0ED1EF1242D004E42BB /* STTwitterAPI.m */ = {isa = PBXFileReference; fileEncoding = 4; lastKnownFileType = sourcecode.c.objc; path = STTwitterAPI.m; sourceTree = "<group>"; };
		1BAAB0EE1EF1242D004E42BB /* STTwitterAppOnly.h */ = {isa = PBXFileReference; fileEncoding = 4; lastKnownFileType = sourcecode.c.h; path = STTwitterAppOnly.h; sourceTree = "<group>"; };
		1BAAB0EF1EF1242D004E42BB /* STTwitterAppOnly.m */ = {isa = PBXFileReference; fileEncoding = 4; lastKnownFileType = sourcecode.c.objc; path = STTwitterAppOnly.m; sourceTree = "<group>"; };
		1BAAB0F01EF1242D004E42BB /* STTwitterHTML.h */ = {isa = PBXFileReference; fileEncoding = 4; lastKnownFileType = sourcecode.c.h; path = STTwitterHTML.h; sourceTree = "<group>"; };
		1BAAB0F11EF1242D004E42BB /* STTwitterHTML.m */ = {isa = PBXFileReference; fileEncoding = 4; lastKnownFileType = sourcecode.c.objc; path = STTwitterHTML.m; sourceTree = "<group>"; };
		1BAAB0F21EF1242D004E42BB /* STTwitterOAuth.h */ = {isa = PBXFileReference; fileEncoding = 4; lastKnownFileType = sourcecode.c.h; path = STTwitterOAuth.h; sourceTree = "<group>"; };
		1BAAB0F31EF1242D004E42BB /* STTwitterOAuth.m */ = {isa = PBXFileReference; fileEncoding = 4; lastKnownFileType = sourcecode.c.objc; path = STTwitterOAuth.m; sourceTree = "<group>"; };
		1BAAB0F41EF1242D004E42BB /* STTwitterOS.h */ = {isa = PBXFileReference; fileEncoding = 4; lastKnownFileType = sourcecode.c.h; path = STTwitterOS.h; sourceTree = "<group>"; };
		1BAAB0F51EF1242D004E42BB /* STTwitterOS.m */ = {isa = PBXFileReference; fileEncoding = 4; lastKnownFileType = sourcecode.c.objc; path = STTwitterOS.m; sourceTree = "<group>"; };
		1BAAB0F61EF1242D004E42BB /* STTwitterOSRequest.h */ = {isa = PBXFileReference; fileEncoding = 4; lastKnownFileType = sourcecode.c.h; path = STTwitterOSRequest.h; sourceTree = "<group>"; };
		1BAAB0F71EF1242D004E42BB /* STTwitterOSRequest.m */ = {isa = PBXFileReference; fileEncoding = 4; lastKnownFileType = sourcecode.c.objc; path = STTwitterOSRequest.m; sourceTree = "<group>"; };
		1BAAB0F81EF1242D004E42BB /* STTwitterProtocol.h */ = {isa = PBXFileReference; fileEncoding = 4; lastKnownFileType = sourcecode.c.h; path = STTwitterProtocol.h; sourceTree = "<group>"; };
		1BAAB0F91EF1242D004E42BB /* STTwitterRequestProtocol.h */ = {isa = PBXFileReference; fileEncoding = 4; lastKnownFileType = sourcecode.c.h; path = STTwitterRequestProtocol.h; sourceTree = "<group>"; };
		1BAAB0FA1EF1242D004E42BB /* STTwitterStreamParser.h */ = {isa = PBXFileReference; fileEncoding = 4; lastKnownFileType = sourcecode.c.h; path = STTwitterStreamParser.h; sourceTree = "<group>"; };
		1BAAB0FB1EF1242D004E42BB /* STTwitterStreamParser.m */ = {isa = PBXFileReference; fileEncoding = 4; lastKnownFileType = sourcecode.c.objc; path = STTwitterStreamParser.m; sourceTree = "<group>"; };
		1BAAB1081EF12469004E42BB /* BAVPlistNode.h */ = {isa = PBXFileReference; fileEncoding = 4; lastKnownFileType = sourcecode.c.h; path = BAVPlistNode.h; sourceTree = "<group>"; };
		1BAAB1091EF12469004E42BB /* BAVPlistNode.m */ = {isa = PBXFileReference; fileEncoding = 4; lastKnownFileType = sourcecode.c.objc; path = BAVPlistNode.m; sourceTree = "<group>"; };
		1BAAB10A1EF12469004E42BB /* JSONSyntaxHighlight.h */ = {isa = PBXFileReference; fileEncoding = 4; lastKnownFileType = sourcecode.c.h; path = JSONSyntaxHighlight.h; sourceTree = "<group>"; };
		1BAAB10B1EF12469004E42BB /* JSONSyntaxHighlight.m */ = {isa = PBXFileReference; fileEncoding = 4; lastKnownFileType = sourcecode.c.objc; path = JSONSyntaxHighlight.m; sourceTree = "<group>"; };
		1BAAB10C1EF12469004E42BB /* STHTTPRequest.h */ = {isa = PBXFileReference; fileEncoding = 4; lastKnownFileType = sourcecode.c.h; path = STHTTPRequest.h; sourceTree = "<group>"; };
		1BAAB10D1EF12469004E42BB /* STHTTPRequest.m */ = {isa = PBXFileReference; fileEncoding = 4; lastKnownFileType = sourcecode.c.objc; path = STHTTPRequest.m; sourceTree = "<group>"; };
		1BAAB1111EF1248A004E42BB /* Accounts.framework */ = {isa = PBXFileReference; lastKnownFileType = wrapper.framework; name = Accounts.framework; path = System/Library/Frameworks/Accounts.framework; sourceTree = SDKROOT; };
		1BAAB1131EF12493004E42BB /* Social.framework */ = {isa = PBXFileReference; lastKnownFileType = wrapper.framework; name = Social.framework; path = System/Library/Frameworks/Social.framework; sourceTree = SDKROOT; };
		1BAAB1151EF124C1004E42BB /* Security.framework */ = {isa = PBXFileReference; lastKnownFileType = wrapper.framework; name = Security.framework; path = System/Library/Frameworks/Security.framework; sourceTree = SDKROOT; };
		1BAAB1171EF12574004E42BB /* Twitter.framework */ = {isa = PBXFileReference; lastKnownFileType = wrapper.framework; name = Twitter.framework; path = System/Library/Frameworks/Twitter.framework; sourceTree = SDKROOT; };
/* End PBXFileReference section */

/* Begin PBXFrameworksBuildPhase section */
		1BAAB0AA1EF123A6004E42BB /* Frameworks */ = {
			isa = PBXFrameworksBuildPhase;
			buildActionMask = 2147483647;
			files = (
				1BAAB1181EF12574004E42BB /* Twitter.framework in Frameworks */,
				1BAAB1161EF124C1004E42BB /* Security.framework in Frameworks */,
				1BAAB1141EF12493004E42BB /* Social.framework in Frameworks */,
				1BAAB1121EF1248A004E42BB /* Accounts.framework in Frameworks */,
			);
			runOnlyForDeploymentPostprocessing = 0;
		};
		1BAAB0C31EF123A6004E42BB /* Frameworks */ = {
			isa = PBXFrameworksBuildPhase;
			buildActionMask = 2147483647;
			files = (
			);
			runOnlyForDeploymentPostprocessing = 0;
		};
		1BAAB0CE1EF123A6004E42BB /* Frameworks */ = {
			isa = PBXFrameworksBuildPhase;
			buildActionMask = 2147483647;
			files = (
			);
			runOnlyForDeploymentPostprocessing = 0;
		};
/* End PBXFrameworksBuildPhase section */

/* Begin PBXGroup section */
		1BAAB0A41EF123A6004E42BB = {
			isa = PBXGroup;
			children = (
				1BAAB1171EF12574004E42BB /* Twitter.framework */,
				1BAAB1151EF124C1004E42BB /* Security.framework */,
				1BAAB1131EF12493004E42BB /* Social.framework */,
				1BAAB1111EF1248A004E42BB /* Accounts.framework */,
				1BAAB0AF1EF123A6004E42BB /* twitterapp */,
				1BAAB0C91EF123A6004E42BB /* twitterappTests */,
				1BAAB0D41EF123A6004E42BB /* twitterappUITests */,
				1BAAB0AE1EF123A6004E42BB /* Products */,
			);
			sourceTree = "<group>";
		};
		1BAAB0AE1EF123A6004E42BB /* Products */ = {
			isa = PBXGroup;
			children = (
				1BAAB0AD1EF123A6004E42BB /* twitterapp.app */,
				1BAAB0C61EF123A6004E42BB /* twitterappTests.xctest */,
				1BAAB0D11EF123A6004E42BB /* twitterappUITests.xctest */,
			);
			name = Products;
			sourceTree = "<group>";
		};
		1BAAB0AF1EF123A6004E42BB /* twitterapp */ = {
			isa = PBXGroup;
			children = (
				1BAAB0B31EF123A6004E42BB /* AppDelegate.h */,
				1BAAB0B41EF123A6004E42BB /* AppDelegate.m */,
				1BAAB0B61EF123A6004E42BB /* ViewController.h */,
				1BAAB0B71EF123A6004E42BB /* ViewController.m */,
				1BAAB0B91EF123A6004E42BB /* Main.storyboard */,
				1BAAB0BC1EF123A6004E42BB /* Assets.xcassets */,
				1BAAB0BE1EF123A6004E42BB /* LaunchScreen.storyboard */,
				1BAAB0C11EF123A6004E42BB /* Info.plist */,
				1BAAB0B01EF123A6004E42BB /* Supporting Files */,
			);
			path = twitterapp;
			sourceTree = "<group>";
		};
		1BAAB0B01EF123A6004E42BB /* Supporting Files */ = {
			isa = PBXGroup;
			children = (
				1BAAB0E31EF1242D004E42BB /* NSDateFormatter+STTwitter.h */,
				1BAAB0E41EF1242D004E42BB /* NSDateFormatter+STTwitter.m */,
				1BAAB0E51EF1242D004E42BB /* NSError+STTwitter.h */,
				1BAAB0E61EF1242D004E42BB /* NSError+STTwitter.m */,
				1BAAB0E71EF1242D004E42BB /* NSString+STTwitter.h */,
				1BAAB0E81EF1242D004E42BB /* NSString+STTwitter.m */,
				1BAAB0E91EF1242D004E42BB /* STHTTPRequest+STTwitter.h */,
				1BAAB0EA1EF1242D004E42BB /* STHTTPRequest+STTwitter.m */,
				1BAAB0EB1EF1242D004E42BB /* STTwitter.h */,
				1BAAB0EC1EF1242D004E42BB /* STTwitterAPI.h */,
				1BAAB0ED1EF1242D004E42BB /* STTwitterAPI.m */,
				1BAAB0EE1EF1242D004E42BB /* STTwitterAppOnly.h */,
				1BAAB0EF1EF1242D004E42BB /* STTwitterAppOnly.m */,
				1BAAB0F01EF1242D004E42BB /* STTwitterHTML.h */,
				1BAAB0F11EF1242D004E42BB /* STTwitterHTML.m */,
				1BAAB0F21EF1242D004E42BB /* STTwitterOAuth.h */,
				1BAAB0F31EF1242D004E42BB /* STTwitterOAuth.m */,
				1BAAB0F41EF1242D004E42BB /* STTwitterOS.h */,
				1BAAB0F51EF1242D004E42BB /* STTwitterOS.m */,
				1BAAB0F61EF1242D004E42BB /* STTwitterOSRequest.h */,
				1BAAB0F71EF1242D004E42BB /* STTwitterOSRequest.m */,
				1BAAB0F81EF1242D004E42BB /* STTwitterProtocol.h */,
				1BAAB0F91EF1242D004E42BB /* STTwitterRequestProtocol.h */,
				1BAAB0FA1EF1242D004E42BB /* STTwitterStreamParser.h */,
				1BAAB0FB1EF1242D004E42BB /* STTwitterStreamParser.m */,
				1BAAB0B11EF123A6004E42BB /* main.m */,
				1BAAB1071EF12437004E42BB /* Vendor */,
			);
			name = "Supporting Files";
			sourceTree = "<group>";
		};
		1BAAB0C91EF123A6004E42BB /* twitterappTests */ = {
			isa = PBXGroup;
			children = (
				1BAAB0CA1EF123A6004E42BB /* twitterappTests.m */,
				1BAAB0CC1EF123A6004E42BB /* Info.plist */,
			);
			path = twitterappTests;
			sourceTree = "<group>";
		};
		1BAAB0D41EF123A6004E42BB /* twitterappUITests */ = {
			isa = PBXGroup;
			children = (
				1BAAB0D51EF123A6004E42BB /* twitterappUITests.m */,
				1BAAB0D71EF123A6004E42BB /* Info.plist */,
			);
			path = twitterappUITests;
			sourceTree = "<group>";
		};
		1BAAB1071EF12437004E42BB /* Vendor */ = {
			isa = PBXGroup;
			children = (
				1BAAB1081EF12469004E42BB /* BAVPlistNode.h */,
				1BAAB1091EF12469004E42BB /* BAVPlistNode.m */,
				1BAAB10A1EF12469004E42BB /* JSONSyntaxHighlight.h */,
				1BAAB10B1EF12469004E42BB /* JSONSyntaxHighlight.m */,
				1BAAB10C1EF12469004E42BB /* STHTTPRequest.h */,
				1BAAB10D1EF12469004E42BB /* STHTTPRequest.m */,
			);
			name = Vendor;
			sourceTree = "<group>";
		};
/* End PBXGroup section */

/* Begin PBXNativeTarget section */
		1BAAB0AC1EF123A6004E42BB /* twitterapp */ = {
			isa = PBXNativeTarget;
			buildConfigurationList = 1BAAB0DA1EF123A6004E42BB /* Build configuration list for PBXNativeTarget "twitterapp" */;
			buildPhases = (
				1BAAB0A91EF123A6004E42BB /* Sources */,
				1BAAB0AA1EF123A6004E42BB /* Frameworks */,
				1BAAB0AB1EF123A6004E42BB /* Resources */,
			);
			buildRules = (
			);
			dependencies = (
			);
			name = twitterapp;
			productName = twitterapp;
			productReference = 1BAAB0AD1EF123A6004E42BB /* twitterapp.app */;
			productType = "com.apple.product-type.application";
		};
		1BAAB0C51EF123A6004E42BB /* twitterappTests */ = {
			isa = PBXNativeTarget;
			buildConfigurationList = 1BAAB0DD1EF123A6004E42BB /* Build configuration list for PBXNativeTarget "twitterappTests" */;
			buildPhases = (
				1BAAB0C21EF123A6004E42BB /* Sources */,
				1BAAB0C31EF123A6004E42BB /* Frameworks */,
				1BAAB0C41EF123A6004E42BB /* Resources */,
			);
			buildRules = (
			);
			dependencies = (
				1BAAB0C81EF123A6004E42BB /* PBXTargetDependency */,
			);
			name = twitterappTests;
			productName = twitterappTests;
			productReference = 1BAAB0C61EF123A6004E42BB /* twitterappTests.xctest */;
			productType = "com.apple.product-type.bundle.unit-test";
		};
		1BAAB0D01EF123A6004E42BB /* twitterappUITests */ = {
			isa = PBXNativeTarget;
			buildConfigurationList = 1BAAB0E01EF123A6004E42BB /* Build configuration list for PBXNativeTarget "twitterappUITests" */;
			buildPhases = (
				1BAAB0CD1EF123A6004E42BB /* Sources */,
				1BAAB0CE1EF123A6004E42BB /* Frameworks */,
				1BAAB0CF1EF123A6004E42BB /* Resources */,
			);
			buildRules = (
			);
			dependencies = (
				1BAAB0D31EF123A6004E42BB /* PBXTargetDependency */,
			);
			name = twitterappUITests;
			productName = twitterappUITests;
			productReference = 1BAAB0D11EF123A6004E42BB /* twitterappUITests.xctest */;
			productType = "com.apple.product-type.bundle.ui-testing";
		};
/* End PBXNativeTarget section */

/* Begin PBXProject section */
		1BAAB0A51EF123A6004E42BB /* Project object */ = {
			isa = PBXProject;
			attributes = {
				LastUpgradeCheck = 0730;
				ORGANIZATIONNAME = macserver;
				TargetAttributes = {
					1BAAB0AC1EF123A6004E42BB = {
						CreatedOnToolsVersion = 7.3;
					};
					1BAAB0C51EF123A6004E42BB = {
						CreatedOnToolsVersion = 7.3;
						TestTargetID = 1BAAB0AC1EF123A6004E42BB;
					};
					1BAAB0D01EF123A6004E42BB = {
						CreatedOnToolsVersion = 7.3;
						TestTargetID = 1BAAB0AC1EF123A6004E42BB;
					};
				};
			};
			buildConfigurationList = 1BAAB0A81EF123A6004E42BB /* Build configuration list for PBXProject "twitterapp" */;
			compatibilityVersion = "Xcode 3.2";
			developmentRegion = English;
			hasScannedForEncodings = 0;
			knownRegions = (
				en,
				Base,
			);
			mainGroup = 1BAAB0A41EF123A6004E42BB;
			productRefGroup = 1BAAB0AE1EF123A6004E42BB /* Products */;
			projectDirPath = "";
			projectRoot = "";
			targets = (
				1BAAB0AC1EF123A6004E42BB /* twitterapp */,
				1BAAB0C51EF123A6004E42BB /* twitterappTests */,
				1BAAB0D01EF123A6004E42BB /* twitterappUITests */,
			);
		};
/* End PBXProject section */

/* Begin PBXResourcesBuildPhase section */
		1BAAB0AB1EF123A6004E42BB /* Resources */ = {
			isa = PBXResourcesBuildPhase;
			buildActionMask = 2147483647;
			files = (
				1BAAB0C01EF123A6004E42BB /* LaunchScreen.storyboard in Resources */,
				1BAAB0BD1EF123A6004E42BB /* Assets.xcassets in Resources */,
				1BAAB0BB1EF123A6004E42BB /* Main.storyboard in Resources */,
			);
			runOnlyForDeploymentPostprocessing = 0;
		};
		1BAAB0C41EF123A6004E42BB /* Resources */ = {
			isa = PBXResourcesBuildPhase;
			buildActionMask = 2147483647;
			files = (
			);
			runOnlyForDeploymentPostprocessing = 0;
		};
		1BAAB0CF1EF123A6004E42BB /* Resources */ = {
			isa = PBXResourcesBuildPhase;
			buildActionMask = 2147483647;
			files = (
			);
			runOnlyForDeploymentPostprocessing = 0;
		};
/* End PBXResourcesBuildPhase section */

/* Begin PBXSourcesBuildPhase section */
		1BAAB0A91EF123A6004E42BB /* Sources */ = {
			isa = PBXSourcesBuildPhase;
			buildActionMask = 2147483647;
			files = (
				1BAAB1041EF1242D004E42BB /* STTwitterOS.m in Sources */,
				1BAAB0FE1EF1242D004E42BB /* NSString+STTwitter.m in Sources */,
				1BAAB0FD1EF1242D004E42BB /* NSError+STTwitter.m in Sources */,
				1BAAB0B81EF123A6004E42BB /* ViewController.m in Sources */,
				1BAAB0B51EF123A6004E42BB /* AppDelegate.m in Sources */,
				1BAAB1101EF12469004E42BB /* STHTTPRequest.m in Sources */,
				1BAAB0FC1EF1242D004E42BB /* NSDateFormatter+STTwitter.m in Sources */,
				1BAAB10E1EF12469004E42BB /* BAVPlistNode.m in Sources */,
				1BAAB1001EF1242D004E42BB /* STTwitterAPI.m in Sources */,
				1BAAB0FF1EF1242D004E42BB /* STHTTPRequest+STTwitter.m in Sources */,
				1BAAB10F1EF12469004E42BB /* JSONSyntaxHighlight.m in Sources */,
				1BAAB1021EF1242D004E42BB /* STTwitterHTML.m in Sources */,
				1BAAB1061EF1242D004E42BB /* STTwitterStreamParser.m in Sources */,
				1BAAB1011EF1242D004E42BB /* STTwitterAppOnly.m in Sources */,
				1BAAB1051EF1242D004E42BB /* STTwitterOSRequest.m in Sources */,
				1BAAB1031EF1242D004E42BB /* STTwitterOAuth.m in Sources */,
				1BAAB0B21EF123A6004E42BB /* main.m in Sources */,
			);
			runOnlyForDeploymentPostprocessing = 0;
		};
		1BAAB0C21EF123A6004E42BB /* Sources */ = {
			isa = PBXSourcesBuildPhase;
			buildActionMask = 2147483647;
			files = (
				1BAAB0CB1EF123A6004E42BB /* twitterappTests.m in Sources */,
			);
			runOnlyForDeploymentPostprocessing = 0;
		};
		1BAAB0CD1EF123A6004E42BB /* Sources */ = {
			isa = PBXSourcesBuildPhase;
			buildActionMask = 2147483647;
			files = (
				1BAAB0D61EF123A6004E42BB /* twitterappUITests.m in Sources */,
			);
			runOnlyForDeploymentPostprocessing = 0;
		};
/* End PBXSourcesBuildPhase section */

/* Begin PBXTargetDependency section */
		1BAAB0C81EF123A6004E42BB /* PBXTargetDependency */ = {
			isa = PBXTargetDependency;
			target = 1BAAB0AC1EF123A6004E42BB /* twitterapp */;
			targetProxy = 1BAAB0C71EF123A6004E42BB /* PBXContainerItemProxy */;
		};
		1BAAB0D31EF123A6004E42BB /* PBXTargetDependency */ = {
			isa = PBXTargetDependency;
			target = 1BAAB0AC1EF123A6004E42BB /* twitterapp */;
			targetProxy = 1BAAB0D21EF123A6004E42BB /* PBXContainerItemProxy */;
		};
/* End PBXTargetDependency section */

/* Begin PBXVariantGroup section */
		1BAAB0B91EF123A6004E42BB /* Main.storyboard */ = {
			isa = PBXVariantGroup;
			children = (
				1BAAB0BA1EF123A6004E42BB /* Base */,
			);
			name = Main.storyboard;
			sourceTree = "<group>";
		};
		1BAAB0BE1EF123A6004E42BB /* LaunchScreen.storyboard */ = {
			isa = PBXVariantGroup;
			children = (
				1BAAB0BF1EF123A6004E42BB /* Base */,
			);
			name = LaunchScreen.storyboard;
			sourceTree = "<group>";
		};
/* End PBXVariantGroup section */

/* Begin XCBuildConfiguration section */
		1BAAB0D81EF123A6004E42BB /* Debug */ = {
			isa = XCBuildConfiguration;
			buildSettings = {
				ALWAYS_SEARCH_USER_PATHS = NO;
				CLANG_ANALYZER_NONNULL = YES;
				CLANG_CXX_LANGUAGE_STANDARD = "gnu++0x";
				CLANG_CXX_LIBRARY = "libc++";
				CLANG_ENABLE_MODULES = YES;
				CLANG_ENABLE_OBJC_ARC = YES;
				CLANG_WARN_BOOL_CONVERSION = YES;
				CLANG_WARN_CONSTANT_CONVERSION = YES;
				CLANG_WARN_DIRECT_OBJC_ISA_USAGE = YES_ERROR;
				CLANG_WARN_EMPTY_BODY = YES;
				CLANG_WARN_ENUM_CONVERSION = YES;
				CLANG_WARN_INT_CONVERSION = YES;
				CLANG_WARN_OBJC_ROOT_CLASS = YES_ERROR;
				CLANG_WARN_UNREACHABLE_CODE = YES;
				CLANG_WARN__DUPLICATE_METHOD_MATCH = YES;
				"CODE_SIGN_IDENTITY[sdk=iphoneos*]" = "iPhone Developer";
				COPY_PHASE_STRIP = NO;
				DEBUG_INFORMATION_FORMAT = dwarf;
				ENABLE_STRICT_OBJC_MSGSEND = YES;
				ENABLE_TESTABILITY = YES;
				GCC_C_LANGUAGE_STANDARD = gnu99;
				GCC_DYNAMIC_NO_PIC = NO;
				GCC_NO_COMMON_BLOCKS = YES;
				GCC_OPTIMIZATION_LEVEL = 0;
				GCC_PREPROCESSOR_DEFINITIONS = (
					"DEBUG=1",
					"$(inherited)",
				);
				GCC_WARN_64_TO_32_BIT_CONVERSION = YES;
				GCC_WARN_ABOUT_RETURN_TYPE = YES_ERROR;
				GCC_WARN_UNDECLARED_SELECTOR = YES;
				GCC_WARN_UNINITIALIZED_AUTOS = YES_AGGRESSIVE;
				GCC_WARN_UNUSED_FUNCTION = YES;
				GCC_WARN_UNUSED_VARIABLE = YES;
				IPHONEOS_DEPLOYMENT_TARGET = 9.3;
				MTL_ENABLE_DEBUG_INFO = YES;
				ONLY_ACTIVE_ARCH = YES;
				SDKROOT = iphoneos;
				TARGETED_DEVICE_FAMILY = "1,2";
			};
			name = Debug;
		};
		1BAAB0D91EF123A6004E42BB /* Release */ = {
			isa = XCBuildConfiguration;
			buildSettings = {
				ALWAYS_SEARCH_USER_PATHS = NO;
				CLANG_ANALYZER_NONNULL = YES;
				CLANG_CXX_LANGUAGE_STANDARD = "gnu++0x";
				CLANG_CXX_LIBRARY = "libc++";
				CLANG_ENABLE_MODULES = YES;
				CLANG_ENABLE_OBJC_ARC = YES;
				CLANG_WARN_BOOL_CONVERSION = YES;
				CLANG_WARN_CONSTANT_CONVERSION = YES;
				CLANG_WARN_DIRECT_OBJC_ISA_USAGE = YES_ERROR;
				CLANG_WARN_EMPTY_BODY = YES;
				CLANG_WARN_ENUM_CONVERSION = YES;
				CLANG_WARN_INT_CONVERSION = YES;
				CLANG_WARN_OBJC_ROOT_CLASS = YES_ERROR;
				CLANG_WARN_UNREACHABLE_CODE = YES;
				CLANG_WARN__DUPLICATE_METHOD_MATCH = YES;
				"CODE_SIGN_IDENTITY[sdk=iphoneos*]" = "iPhone Developer";
				COPY_PHASE_STRIP = NO;
				DEBUG_INFORMATION_FORMAT = "dwarf-with-dsym";
				ENABLE_NS_ASSERTIONS = NO;
				ENABLE_STRICT_OBJC_MSGSEND = YES;
				GCC_C_LANGUAGE_STANDARD = gnu99;
				GCC_NO_COMMON_BLOCKS = YES;
				GCC_WARN_64_TO_32_BIT_CONVERSION = YES;
				GCC_WARN_ABOUT_RETURN_TYPE = YES_ERROR;
				GCC_WARN_UNDECLARED_SELECTOR = YES;
				GCC_WARN_UNINITIALIZED_AUTOS = YES_AGGRESSIVE;
				GCC_WARN_UNUSED_FUNCTION = YES;
				GCC_WARN_UNUSED_VARIABLE = YES;
				IPHONEOS_DEPLOYMENT_TARGET = 9.3;
				MTL_ENABLE_DEBUG_INFO = NO;
				SDKROOT = iphoneos;
				TARGETED_DEVICE_FAMILY = "1,2";
				VALIDATE_PRODUCT = YES;
			};
			name = Release;
		};
		1BAAB0DB1EF123A6004E42BB /* Debug */ = {
			isa = XCBuildConfiguration;
			buildSettings = {
				ASSETCATALOG_COMPILER_APPICON_NAME = AppIcon;
				INFOPLIST_FILE = twitterapp/Info.plist;
				LD_RUNPATH_SEARCH_PATHS = "$(inherited) @executable_path/Frameworks";
				PRODUCT_BUNDLE_IDENTIFIER = bliss.twitterapp;
				PRODUCT_NAME = "$(TARGET_NAME)";
			};
			name = Debug;
		};
		1BAAB0DC1EF123A6004E42BB /* Release */ = {
			isa = XCBuildConfiguration;
			buildSettings = {
				ASSETCATALOG_COMPILER_APPICON_NAME = AppIcon;
				INFOPLIST_FILE = twitterapp/Info.plist;
				LD_RUNPATH_SEARCH_PATHS = "$(inherited) @executable_path/Frameworks";
				PRODUCT_BUNDLE_IDENTIFIER = bliss.twitterapp;
				PRODUCT_NAME = "$(TARGET_NAME)";
			};
			name = Release;
		};
		1BAAB0DE1EF123A6004E42BB /* Debug */ = {
			isa = XCBuildConfiguration;
			buildSettings = {
				BUNDLE_LOADER = "$(TEST_HOST)";
				INFOPLIST_FILE = twitterappTests/Info.plist;
				LD_RUNPATH_SEARCH_PATHS = "$(inherited) @executable_path/Frameworks @loader_path/Frameworks";
				PRODUCT_BUNDLE_IDENTIFIER = bliss.twitterappTests;
				PRODUCT_NAME = "$(TARGET_NAME)";
				TEST_HOST = "$(BUILT_PRODUCTS_DIR)/twitterapp.app/twitterapp";
			};
			name = Debug;
		};
		1BAAB0DF1EF123A6004E42BB /* Release */ = {
			isa = XCBuildConfiguration;
			buildSettings = {
				BUNDLE_LOADER = "$(TEST_HOST)";
				INFOPLIST_FILE = twitterappTests/Info.plist;
				LD_RUNPATH_SEARCH_PATHS = "$(inherited) @executable_path/Frameworks @loader_path/Frameworks";
				PRODUCT_BUNDLE_IDENTIFIER = bliss.twitterappTests;
				PRODUCT_NAME = "$(TARGET_NAME)";
				TEST_HOST = "$(BUILT_PRODUCTS_DIR)/twitterapp.app/twitterapp";
			};
			name = Release;
		};
		1BAAB0E11EF123A6004E42BB /* Debug */ = {
			isa = XCBuildConfiguration;
			buildSettings = {
				INFOPLIST_FILE = twitterappUITests/Info.plist;
				LD_RUNPATH_SEARCH_PATHS = "$(inherited) @executable_path/Frameworks @loader_path/Frameworks";
				PRODUCT_BUNDLE_IDENTIFIER = bliss.twitterappUITests;
				PRODUCT_NAME = "$(TARGET_NAME)";
				TEST_TARGET_NAME = twitterapp;
			};
			name = Debug;
		};
		1BAAB0E21EF123A6004E42BB /* Release */ = {
			isa = XCBuildConfiguration;
			buildSettings = {
				INFOPLIST_FILE = twitterappUITests/Info.plist;
				LD_RUNPATH_SEARCH_PATHS = "$(inherited) @executable_path/Frameworks @loader_path/Frameworks";
				PRODUCT_BUNDLE_IDENTIFIER = bliss.twitterappUITests;
				PRODUCT_NAME = "$(TARGET_NAME)";
				TEST_TARGET_NAME = twitterapp;
			};
			name = Release;
		};
/* End XCBuildConfiguration section */

/* Begin XCConfigurationList section */
		1BAAB0A81EF123A6004E42BB /* Build configuration list for PBXProject "twitterapp" */ = {
			isa = XCConfigurationList;
			buildConfigurations = (
				1BAAB0D81EF123A6004E42BB /* Debug */,
				1BAAB0D91EF123A6004E42BB /* Release */,
			);
			defaultConfigurationIsVisible = 0;
			defaultConfigurationName = Release;
		};
		1BAAB0DA1EF123A6004E42BB /* Build configuration list for PBXNativeTarget "twitterapp" */ = {
			isa = XCConfigurationList;
			buildConfigurations = (
				1BAAB0DB1EF123A6004E42BB /* Debug */,
				1BAAB0DC1EF123A6004E42BB /* Release */,
			);
			defaultConfigurationIsVisible = 0;
		};
		1BAAB0DD1EF123A6004E42BB /* Build configuration list for PBXNativeTarget "twitterappTests" */ = {
			isa = XCConfigurationList;
			buildConfigurations = (
				1BAAB0DE1EF123A6004E42BB /* Debug */,
				1BAAB0DF1EF123A6004E42BB /* Release */,
			);
			defaultConfigurationIsVisible = 0;
		};
		1BAAB0E01EF123A6004E42BB /* Build configuration list for PBXNativeTarget "twitterappUITests" */ = {
			isa = XCConfigurationList;
			buildConfigurations = (
				1BAAB0E11EF123A6004E42BB /* Debug */,
				1BAAB0E21EF123A6004E42BB /* Release */,
			);
			defaultConfigurationIsVisible = 0;
		};
/* End XCConfigurationList section */
	};
	rootObject = 1BAAB0A51EF123A6004E42BB /* Project object */;
}
